lockfileVersion: '9.0'

settings:
  autoInstallPeers: true
  excludeLinksFromLockfile: false

importers:

  .:
    dependencies:
      '@apollo/client':
        specifier: ^4.1.5
        version: 4.1.5(graphql@16.12.0)(rxjs@7.8.2)
      dotenv:
        specifier: ^17.3.1
        version: 17.3.1
    devDependencies:
      '@playwright/test':
        specifier: ^1.58.2
        version: 1.58.2
      '@types/node':
        specifier: ^25.3.0
        version: 25.3.0

packages:

  '@apollo/client@4.1.5':
    resolution: {integrity: sha512-kqo4BUL/d3cj3CmQyo0CqrgKr/nxYnmHmM5Lv2xqFz2P4FaJQ0SxpRu+bEjWUftGhRSmLqDLuP2cTAj0wIPKWw==}
    peerDependencies:
      graphql: ^16.0.0
      graphql-ws: ^5.5.5 || ^6.0.3
      react: ^17.0.0 || ^18.0.0 || >=19.0.0-rc
      react-dom: ^17.0.0 || ^18.0.0 || >=19.0.0-rc
      rxjs: ^7.3.0
      subscriptions-transport-ws: ^0.9.0 || ^0.11.0
    peerDependenciesMeta:
      graphql-ws:
        optional: true
      react:
        optional: true
      react-dom:
        optional: true
      subscriptions-transport-ws:
        optional: true

  '@graphql-typed-document-node/core@3.2.0':
    resolution: {integrity: sha512-mB9oAsNCm9aM3/SOv4YtBMqZbYj10R7dkq8byBqxGY/ncFwhf2oQzMV+LCRlWoDSEBJ3COiR1yeDvMtsoOsuFQ==}
    peerDependencies:
      graphql: ^0.8.0 || ^0.9.0 || ^0.10.0 || ^0.11.0 || ^0.12.0 || ^0.13.0 || ^14.0.0 || ^15.0.0 || ^16.0.0 || ^17.0.0

  '@playwright/test@1.58.2':
    resolution: {integrity: sha512-akea+6bHYBBfA9uQqSYmlJXn61cTa+jbO87xVLCWbTqbWadRVmhxlXATaOjOgcBaWU4ePo0wB41KMFv3o35IXA==}
    engines: {node: '>=18'}
    hasBin: true

  '@types/node@25.3.0':
    resolution: {integrity: sha512-4K3bqJpXpqfg2XKGK9bpDTc6xO/xoUP/RBWS7AtRMug6zZFaRekiLzjVtAoZMquxoAbzBvy5nxQ7veS5eYzf8A==}

  '@wry/caches@1.0.1':
    resolution: {integrity: sha512-bXuaUNLVVkD20wcGBWRyo7j9N3TxePEWFZj2Y+r9OoUzfqmavM84+mFykRicNsBqatba5JLay1t48wxaXaWnlA==}
    engines: {node: '>=8'}

  '@wry/context@0.7.4':
    resolution: {integrity: sha512-jmT7Sb4ZQWI5iyu3lobQxICu2nC/vbUhP0vIdd6tHC9PTfenmRmuIFqktc6GH9cgi+ZHnsLWPvfSvc4DrYmKiQ==}
    engines: {node: '>=8'}

  '@wry/equality@0.5.7':
    resolution: {integrity: sha512-BRFORjsTuQv5gxcXsuDXx6oGRhuVsEGwZy6LOzRRfgu+eSfxbhUQ9L9YtSEIuIjY/o7g3iWFjrc5eSY1GXP2Dw==}
    engines: {node: '>=8'}

  '@wry/trie@0.5.0':
    resolution: {integrity: sha512-FNoYzHawTMk/6KMQoEG5O4PuioX19UbwdQKF44yw0nLfOypfQdjtfZzo/UIJWAJ23sNIFbD1Ug9lbaDGMwbqQA==}
    engines: {node: '>=8'}

  dotenv@17.3.1:
    resolution: {integrity: sha512-IO8C/dzEb6O3F9/twg6ZLXz164a2fhTnEWb95H23Dm4OuN+92NmEAlTrupP9VW6Jm3sO26tQlqyvyi4CsnY9GA==}
    engines: {node: '>=12'}

  fsevents@2.3.2:
    resolution: {integrity: sha512-xiqMQR4xAeHTuB9uWm+fFRcIOgKBMiOBP+eXiyT7jsgVCq1bkVygt00oASowB7EdtpOHaaPgKt812P9ab+DDKA==}
    engines: {node: ^8.16.0 || ^10.6.0 || >=11.0.0}
    os: [darwin]

  graphql-tag@2.12.6:
    resolution: {integrity: sha512-FdSNcu2QQcWnM2VNvSCCDCVS5PpPqpzgFT8+GXzqJuoDd0CBncxCY278u4mhRO7tMgo2JjgJA5aZ+nWSQ/Z+xg==}
    engines: {node: '>=10'}
    peerDependencies:
      graphql: ^0.9.0 || ^0.10.0 || ^0.11.0 || ^0.12.0 || ^0.13.0 || ^14.0.0 || ^15.0.0 || ^16.0.0

  graphql@16.12.0:
    resolution: {integrity: sha512-DKKrynuQRne0PNpEbzuEdHlYOMksHSUI8Zc9Unei5gTsMNA2/vMpoMz/yKba50pejK56qj98qM0SjYxAKi13gQ==}
    engines: {node: ^12.22.0 || ^14.16.0 || ^16.0.0 || >=17.0.0}

  optimism@0.18.1:
    resolution: {integrity: sha512-mLXNwWPa9dgFyDqkNi54sjDyNJ9/fTI6WGBLgnXku1vdKY/jovHfZT5r+aiVeFFLOz+foPNOm5YJ4mqgld2GBQ==}

  playwright-core@1.58.2:
    resolution: {integrity: sha512-yZkEtftgwS8CsfYo7nm0KE8jsvm6i/PTgVtB8DL726wNf6H2IMsDuxCpJj59KDaxCtSnrWan2AeDqM7JBaultg==}
    engines: {node: '>=18'}
    hasBin: true

  playwright@1.58.2:
    resolution: {integrity: sha512-vA30H8Nvkq/cPBnNw4Q8TWz1EJyqgpuinBcHET0YVJVFldr8JDNiU9LaWAE1KqSkRYazuaBhTpB5ZzShOezQ6A==}
    engines: {node: '>=18'}
    hasBin: true

  rxjs@7.8.2:
    resolution: {integrity: sha512-dhKf903U/PQZY6boNNtAGdWbG85WAbjT/1xYoZIC7FAY0yWapOBQVsVrDl58W86//e1VpMNBtRV4MaXfdMySFA==}

  tslib@2.8.1:
    resolution: {integrity: sha512-oJFu94HQb+KVduSUQL7wnpmqnfmLsOA/nAh6b6EH0wCEoK0/mPeXU6c3wKDV83MkOuHPRHtSXKKU99IBazS/2w==}

  undici-types@7.18.2:
    resolution: {integrity: sha512-AsuCzffGHJybSaRrmr5eHr81mwJU3kjw6M+uprWvCXiNeN9SOGwQ3Jn8jb8m3Z6izVgknn1R0FTCEAP2QrLY/w==}

snapshots:

  '@apollo/client@4.1.5(graphql@16.12.0)(rxjs@7.8.2)':
    dependencies:
      '@graphql-typed-document-node/core': 3.2.0(graphql@16.12.0)
      '@wry/caches': 1.0.1
      '@wry/equality': 0.5.7
      '@wry/trie': 0.5.0
      graphql: 16.12.0
      graphql-tag: 2.12.6(graphql@16.12.0)
      optimism: 0.18.1
      rxjs: 7.8.2
      tslib: 2.8.1

  '@graphql-typed-document-node/core@3.2.0(graphql@16.12.0)':
    dependencies:
      graphql: 16.12.0

  '@playwright/test@1.58.2':
    dependencies:
      playwright: 1.58.2

  '@types/node@25.3.0':
    dependencies:
      undici-types: 7.18.2

  '@wry/caches@1.0.1':
    dependencies:
      tslib: 2.8.1

  '@wry/context@0.7.4':
    dependencies:
      tslib: 2.8.1

  '@wry/equality@0.5.7':
    dependencies:
      tslib: 2.8.1

  '@wry/trie@0.5.0':
    dependencies:
      tslib: 2.8.1

  dotenv@17.3.1: {}

  fsevents@2.3.2:
    optional: true

  graphql-tag@2.12.6(graphql@16.12.0):
    dependencies:
      graphql: 16.12.0
      tslib: 2.8.1

  graphql@16.12.0: {}

  optimism@0.18.1:
    dependencies:
      '@wry/caches': 1.0.1
      '@wry/context': 0.7.4
      '@wry/trie': 0.5.0
      tslib: 2.8.1

  playwright-core@1.58.2: {}

  playwright@1.58.2:
    dependencies:
      playwright-core: 1.58.2
    optionalDependencies:
      fsevents: 2.3.2

  rxjs@7.8.2:
    dependencies:
      tslib: 2.8.1

  tslib@2.8.1: {}

  undici-types@7.18.2: {}
